<?xml version="1.0" encoding="utf-8"?>
<Project ToolsVersion="4.0" xmlns="http://schemas.microsoft.com/developer/msbuild/2003">
  <ItemGroup>
    <ClCompile Include="src\Gameobject.cpp">
      <Filter>src</Filter>
    </ClCompile>
    <ClCompile Include="src\main.cpp">
      <Filter>src</Filter>
    </ClCompile>
    <ClCompile Include="src\Player.cpp">
      <Filter>src</Filter>
    </ClCompile>
    <ClCompile Include="include\angelscript\as_atomic.cpp">
      <Filter>include\angelscript</Filter>
    </ClCompile>
    <ClCompile Include="include\angelscript\as_builder.cpp">
      <Filter>include\angelscript</Filter>
    </ClCompile>
    <ClCompile Include="include\angelscript\as_bytecode.cpp">
      <Filter>include\angelscript</Filter>
    </ClCompile>
    <ClCompile Include="include\angelscript\as_callfunc.cpp">
      <Filter>include\angelscript</Filter>
    </ClCompile>
    <ClCompile Include="include\angelscript\as_callfunc_x64_gcc.cpp">
      <Filter>include\angelscript</Filter>
    </ClCompile>
    <ClCompile Include="include\angelscript\as_callfunc_x64_mingw.cpp">
      <Filter>include\angelscript</Filter>
    </ClCompile>
    <ClCompile Include="include\angelscript\as_callfunc_x64_msvc.cpp">
      <Filter>include\angelscript</Filter>
    </ClCompile>
    <ClCompile Include="include\angelscript\as_callfunc_x86.cpp">
      <Filter>include\angelscript</Filter>
    </ClCompile>
    <ClCompile Include="include\angelscript\as_callfunc_xenon.cpp">
      <Filter>include\angelscript</Filter>
    </ClCompile>
    <ClCompile Include="include\angelscript\as_compiler.cpp">
      <Filter>include\angelscript</Filter>
    </ClCompile>
    <ClCompile Include="include\angelscript\as_configgroup.cpp">
      <Filter>include\angelscript</Filter>
    </ClCompile>
    <ClCompile Include="include\angelscript\as_context.cpp">
      <Filter>include\angelscript</Filter>
    </ClCompile>
    <ClCompile Include="include\angelscript\as_datatype.cpp">
      <Filter>include\angelscript</Filter>
    </ClCompile>
    <ClCompile Include="include\angelscript\as_gc.cpp">
      <Filter>include\angelscript</Filter>
    </ClCompile>
    <ClCompile Include="include\angelscript\as_generic.cpp">
      <Filter>include\angelscript</Filter>
    </ClCompile>
    <ClCompile Include="include\angelscript\as_globalproperty.cpp">
      <Filter>include\angelscript</Filter>
    </ClCompile>
    <ClCompile Include="include\angelscript\as_memory.cpp">
      <Filter>include\angelscript</Filter>
    </ClCompile>
    <ClCompile Include="include\angelscript\as_module.cpp">
      <Filter>include\angelscript</Filter>
    </ClCompile>
    <ClCompile Include="include\angelscript\as_objecttype.cpp">
      <Filter>include\angelscript</Filter>
    </ClCompile>
    <ClCompile Include="include\angelscript\as_outputbuffer.cpp">
      <Filter>include\angelscript</Filter>
    </ClCompile>
    <ClCompile Include="include\angelscript\as_parser.cpp">
      <Filter>include\angelscript</Filter>
    </ClCompile>
    <ClCompile Include="include\angelscript\as_restore.cpp">
      <Filter>include\angelscript</Filter>
    </ClCompile>
    <ClCompile Include="include\angelscript\as_scriptcode.cpp">
      <Filter>include\angelscript</Filter>
    </ClCompile>
    <ClCompile Include="include\angelscript\as_scriptengine.cpp">
      <Filter>include\angelscript</Filter>
    </ClCompile>
    <ClCompile Include="include\angelscript\as_scriptfunction.cpp">
      <Filter>include\angelscript</Filter>
    </ClCompile>
    <ClCompile Include="include\angelscript\as_scriptnode.cpp">
      <Filter>include\angelscript</Filter>
    </ClCompile>
    <ClCompile Include="include\angelscript\as_scriptobject.cpp">
      <Filter>include\angelscript</Filter>
    </ClCompile>
    <ClCompile Include="include\angelscript\as_string.cpp">
      <Filter>include\angelscript</Filter>
    </ClCompile>
    <ClCompile Include="include\angelscript\as_string_util.cpp">
      <Filter>include\angelscript</Filter>
    </ClCompile>
    <ClCompile Include="include\angelscript\as_thread.cpp">
      <Filter>include\angelscript</Filter>
    </ClCompile>
    <ClCompile Include="include\angelscript\as_tokenizer.cpp">
      <Filter>include\angelscript</Filter>
    </ClCompile>
    <ClCompile Include="include\angelscript\as_typeinfo.cpp">
      <Filter>include\angelscript</Filter>
    </ClCompile>
    <ClCompile Include="include\angelscript\as_variablescope.cpp">
      <Filter>include\angelscript</Filter>
    </ClCompile>
    <ClCompile Include="include\angelscript\scriptbuilder\scriptbuilder.cpp">
      <Filter>include\angelscript\scriptbuilder</Filter>
    </ClCompile>
    <ClCompile Include="include\angelscript\scriptstdstring\scriptstdstring.cpp">
      <Filter>include\angelscript\scriptstdstring</Filter>
    </ClCompile>
    <ClCompile Include="include\angelscript\scriptstdstring\scriptstdstring_utils.cpp">
      <Filter>include\angelscript\scriptstdstring</Filter>
    </ClCompile>
    <ClCompile Include="include\angelscript\as_callfunc_sh4.cpp">
      <Filter>include\angelscript</Filter>
    </ClCompile>
    <ClCompile Include="include\angelscript\as_callfunc_arm.cpp">
      <Filter>include\angelscript</Filter>
    </ClCompile>
    <ClCompile Include="include\angelscript\as_callfunc_arm64.cpp">
      <Filter>include\angelscript</Filter>
    </ClCompile>
    <ClCompile Include="include\angelscript\as_callfunc_mips.cpp">
      <Filter>include\angelscript</Filter>
    </ClCompile>
    <ClCompile Include="include\angelscript\as_callfunc_ppc.cpp">
      <Filter>include\angelscript</Filter>
    </ClCompile>
    <ClCompile Include="include\angelscript\as_callfunc_ppc_64.cpp">
      <Filter>include\angelscript</Filter>
    </ClCompile>
    <ClCompile Include="include\angelscript\scriptarray\scriptarray.cpp">
      <Filter>include\angelscript\scriptarray</Filter>
    </ClCompile>
    <ClCompile Include="src\Entity.cpp">
      <Filter>src</Filter>
    </ClCompile>
    <ClCompile Include="src\asEntity.cpp">
      <Filter>src</Filter>
    </ClCompile>
    <ClCompile Include="src\map.cpp" />
    <ClCompile Include="src\Engine.cpp" />
    <ClCompile Include="src\filemanager.cpp" />
    <ClCompile Include="src\AngelScriptUtils.cpp" />
  </ItemGroup>
  <ItemGroup>
    <ClInclude Include="include\filemanager.h">
      <Filter>include</Filter>
    </ClInclude>
    <ClInclude Include="include\Gameobject.h">
      <Filter>include</Filter>
    </ClInclude>
    <ClInclude Include="include\olcPGEX_FrostUI.h">
      <Filter>include</Filter>
    </ClInclude>
    <ClInclude Include="include\olcPGEX_Graphics2D.h">
      <Filter>include</Filter>
    </ClInclude>
    <ClInclude Include="include\olcPixelGameEngine.h">
      <Filter>include</Filter>
    </ClInclude>
    <ClInclude Include="include\Player.h">
      <Filter>include</Filter>
    </ClInclude>
    <ClInclude Include="include\rapidxml.h">
      <Filter>include</Filter>
    </ClInclude>
    <ClInclude Include="include\rapidxml_print.h">
      <Filter>include</Filter>
    </ClInclude>
    <ClInclude Include="include\rapidxml_utils.h">
      <Filter>include</Filter>
    </ClInclude>
    <ClInclude Include="include\stb_image_write.h">
      <Filter>include</Filter>
    </ClInclude>
    <ClInclude Include="include\Entity.h">
      <Filter>include</Filter>
    </ClInclude>
    <ClInclude Include="include\angelscript\angelscript.h">
      <Filter>include\angelscript</Filter>
    </ClInclude>
    <ClInclude Include="include\angelscript\as_array.h">
      <Filter>include\angelscript</Filter>
    </ClInclude>
    <ClInclude Include="include\angelscript\as_atomic.h">
      <Filter>include\angelscript</Filter>
    </ClInclude>
    <ClInclude Include="include\angelscript\as_builder.h">
      <Filter>include\angelscript</Filter>
    </ClInclude>
    <ClInclude Include="include\angelscript\as_bytecode.h">
      <Filter>include\angelscript</Filter>
    </ClInclude>
    <ClInclude Include="include\angelscript\as_callfunc.h">
      <Filter>include\angelscript</Filter>
    </ClInclude>
    <ClInclude Include="include\angelscript\as_compiler.h">
      <Filter>include\angelscript</Filter>
    </ClInclude>
    <ClInclude Include="include\angelscript\as_config.h">
      <Filter>include\angelscript</Filter>
    </ClInclude>
    <ClInclude Include="include\angelscript\as_configgroup.h">
      <Filter>include\angelscript</Filter>
    </ClInclude>
    <ClInclude Include="include\angelscript\as_context.h">
      <Filter>include\angelscript</Filter>
    </ClInclude>
    <ClInclude Include="include\angelscript\as_criticalsection.h">
      <Filter>include\angelscript</Filter>
    </ClInclude>
    <ClInclude Include="include\angelscript\as_datatype.h">
      <Filter>include\angelscript</Filter>
    </ClInclude>
    <ClInclude Include="include\angelscript\as_debug.h">
      <Filter>include\angelscript</Filter>
    </ClInclude>
    <ClInclude Include="include\angelscript\as_gc.h">
      <Filter>include\angelscript</Filter>
    </ClInclude>
    <ClInclude Include="include\angelscript\as_generic.h">
      <Filter>include\angelscript</Filter>
    </ClInclude>
    <ClInclude Include="include\angelscript\as_map.h">
      <Filter>include\angelscript</Filter>
    </ClInclude>
    <ClInclude Include="include\angelscript\as_memory.h">
      <Filter>include\angelscript</Filter>
    </ClInclude>
    <ClInclude Include="include\angelscript\as_module.h">
      <Filter>include\angelscript</Filter>
    </ClInclude>
    <ClInclude Include="include\angelscript\as_namespace.h">
      <Filter>include\angelscript</Filter>
    </ClInclude>
    <ClInclude Include="include\angelscript\as_objecttype.h">
      <Filter>include\angelscript</Filter>
    </ClInclude>
    <ClInclude Include="include\angelscript\as_outputbuffer.h">
      <Filter>include\angelscript</Filter>
    </ClInclude>
    <ClInclude Include="include\angelscript\as_parser.h">
      <Filter>include\angelscript</Filter>
    </ClInclude>
    <ClInclude Include="include\angelscript\as_property.h">
      <Filter>include\angelscript</Filter>
    </ClInclude>
    <ClInclude Include="include\angelscript\as_restore.h">
      <Filter>include\angelscript</Filter>
    </ClInclude>
    <ClInclude Include="include\angelscript\as_scriptcode.h">
      <Filter>include\angelscript</Filter>
    </ClInclude>
    <ClInclude Include="include\angelscript\as_scriptengine.h">
      <Filter>include\angelscript</Filter>
    </ClInclude>
    <ClInclude Include="include\angelscript\as_scriptfunction.h">
      <Filter>include\angelscript</Filter>
    </ClInclude>
    <ClInclude Include="include\angelscript\as_scriptnode.h">
      <Filter>include\angelscript</Filter>
    </ClInclude>
    <ClInclude Include="include\angelscript\as_scriptobject.h">
      <Filter>include\angelscript</Filter>
    </ClInclude>
    <ClInclude Include="include\angelscript\as_string.h">
      <Filter>include\angelscript</Filter>
    </ClInclude>
    <ClInclude Include="include\angelscript\as_string_util.h">
      <Filter>include\angelscript</Filter>
    </ClInclude>
    <ClInclude Include="include\angelscript\as_symboltable.h">
      <Filter>include\angelscript</Filter>
    </ClInclude>
    <ClInclude Include="include\angelscript\as_texts.h">
      <Filter>include\angelscript</Filter>
    </ClInclude>
    <ClInclude Include="include\angelscript\as_thread.h">
      <Filter>include\angelscript</Filter>
    </ClInclude>
    <ClInclude Include="include\angelscript\as_tokendef.h">
      <Filter>include\angelscript</Filter>
    </ClInclude>
    <ClInclude Include="include\angelscript\as_tokenizer.h">
      <Filter>include\angelscript</Filter>
    </ClInclude>
    <ClInclude Include="include\angelscript\as_typeinfo.h">
      <Filter>include\angelscript</Filter>
    </ClInclude>
    <ClInclude Include="include\angelscript\as_variablescope.h">
      <Filter>include\angelscript</Filter>
    </ClInclude>
    <ClInclude Include="include\angelscript\scriptbuilder\scriptbuilder.h">
      <Filter>include\angelscript\scriptbuilder</Filter>
    </ClInclude>
    <ClInclude Include="include\angelscript\scriptstdstring\scriptstdstring.h">
      <Filter>include\angelscript\scriptstdstring</Filter>
    </ClInclude>
    <ClInclude Include="include\angelscript\scriptarray\scriptarray.h">
      <Filter>include\angelscript\scriptarray</Filter>
    </ClInclude>
    <ClInclude Include="include\AngelScriptUtils.h">
      <Filter>include</Filter>
    </ClInclude>
    <ClInclude Include="include\map.h" />
    <ClInclude Include="include\Abstractions.h" />
    <ClInclude Include="include\AssetManager.h" />
    <ClInclude Include="include\asEntity.h" />
  </ItemGroup>
  <ItemGroup>
    <Filter Include="include">
      <UniqueIdentifier>{a468ad27-16db-487f-b2cd-975c4b7bb0a0}</UniqueIdentifier>
    </Filter>
    <Filter Include="src">
      <UniqueIdentifier>{328f543a-95e7-4d61-8d2c-511afed8077b}</UniqueIdentifier>
    </Filter>
    <Filter Include="include\angelscript">
      <UniqueIdentifier>{6b78e25b-e949-4c92-8298-534c339ac5da}</UniqueIdentifier>
    </Filter>
    <Filter Include="include\angelscript\scriptbuilder">
      <UniqueIdentifier>{3d05884a-641f-49a0-a749-f4620d8177e0}</UniqueIdentifier>
    </Filter>
    <Filter Include="include\angelscript\scriptstdstring">
      <UniqueIdentifier>{c5385f4d-5b91-45ff-b793-16ddf0a4dbd4}</UniqueIdentifier>
    </Filter>
    <Filter Include="include\angelscript\scriptarray">
      <UniqueIdentifier>{f8172461-b1ba-4dcf-9312-861c96ba08b9}</UniqueIdentifier>
    </Filter>
  </ItemGroup>
  <ItemGroup>
    <None Include="include\angelscript\as_callfunc_arm_gcc.S">
      <Filter>include\angelscript</Filter>
    </None>
    <None Include="include\angelscript\as_callfunc_arm_msvc.asm">
      <Filter>include\angelscript</Filter>
    </None>
    <None Include="include\angelscript\as_callfunc_arm_vita.S">
      <Filter>include\angelscript</Filter>
    </None>
    <None Include="include\angelscript\as_callfunc_arm_xcode.S">
      <Filter>include\angelscript</Filter>
    </None>
    <None Include="include\angelscript\as_callfunc_arm64_gcc.S">
      <Filter>include\angelscript</Filter>
    </None>
    <None Include="include\angelscript\as_callfunc_arm64_msvc.asm">
      <Filter>include\angelscript</Filter>
    </None>
  </ItemGroup>
</Project>