
Microsoft Visual Studio Solution File, Format Version 12.00
# Visual Studio Version 17
VisualStudioVersion = 17.1.32319.34
MinimumVisualStudioVersion = 10.0.40219.1
Project("{8BC9CEB8-8B4A-11D0-8D11-00A0C91BC942}") = "pixelgame", "pixelgame\pixelgame.vcxproj", "{43240421-8DF2-46EC-8A76-7DD6572EBDFC}"
	ProjectSection(ProjectDependencies) = postProject
		{65865203-15CB-44A9-A404-5A6A46F55A1F} = {65865203-15CB-44A9-A404-5A6A46F55A1F}
		{A8351266-2D23-4FC2-8D11-3A7173DB7613} = {A8351266-2D23-4FC2-8D11-3A7173DB7613}
	EndProjectSection
EndProject
Project("{2150E333-8FDC-42A3-9474-1A3956D46DE8}") = "maps", "maps", "{4FA2DFFA-1398-41B7-A89E-FA108DD09929}"
	ProjectSection(SolutionItems) = preProject
		build\common\pxg\map\map.xml = build\common\pxg\map\map.xml
	EndProjectSection
EndProject
Project("{2150E333-8FDC-42A3-9474-1A3956D46DE8}") = "scripts", "scripts", "{E9BD86C9-D274-412D-A9D6-E8E5274169B9}"
EndProject
Project("{2150E333-8FDC-42A3-9474-1A3956D46DE8}") = "maps", "maps", "{53204535-1525-480B-A4B7-23E54CE44B8F}"
	ProjectSection(SolutionItems) = preProject
		build\common\pxg\scripts\maps\map.as = build\common\pxg\scripts\maps\map.as
	EndProjectSection
EndProject
Project("{8BC9CEB8-8B4A-11D0-8D11-00A0C91BC942}") = "include", "include\include.vcxitems", "{AD5B42C6-A1B8-4ECB-997E-032FDB5C3FAC}"
EndProject
Project("{8BC9CEB8-8B4A-11D0-8D11-00A0C91BC942}") = "olcPGE_static", "libs\olcPGE_static\olcPGE_static.vcxproj", "{65865203-15CB-44A9-A404-5A6A46F55A1F}"
EndProject
Project("{8BC9CEB8-8B4A-11D0-8D11-00A0C91BC942}") = "angelscript", "libs\angelscript\angelscript.vcxproj", "{A8351266-2D23-4FC2-8D11-3A7173DB7613}"
EndProject
Project("{2150E333-8FDC-42A3-9474-1A3956D46DE8}") = "libs", "libs", "{CD36B02F-6CD1-475F-A54F-90E9C6327694}"
EndProject
Project("{2150E333-8FDC-42A3-9474-1A3956D46DE8}") = "pxg", "pxg", "{D991EF84-1D1C-43D4-953E-E923499D6995}"
EndProject
Global
	GlobalSection(SolutionConfigurationPlatforms) = preSolution
		Debug|x64 = Debug|x64
		Debug|x86 = Debug|x86
		Release|x64 = Release|x64
		Release|x86 = Release|x86
	EndGlobalSection
	GlobalSection(ProjectConfigurationPlatforms) = postSolution
		{43240421-8DF2-46EC-8A76-7DD6572EBDFC}.Debug|x64.ActiveCfg = Debug|x64
		{43240421-8DF2-46EC-8A76-7DD6572EBDFC}.Debug|x64.Build.0 = Debug|x64
		{43240421-8DF2-46EC-8A76-7DD6572EBDFC}.Debug|x86.ActiveCfg = Debug|Win32
		{43240421-8DF2-46EC-8A76-7DD6572EBDFC}.Debug|x86.Build.0 = Debug|Win32
		{43240421-8DF2-46EC-8A76-7DD6572EBDFC}.Release|x64.ActiveCfg = Release|x64
		{43240421-8DF2-46EC-8A76-7DD6572EBDFC}.Release|x64.Build.0 = Release|x64
		{43240421-8DF2-46EC-8A76-7DD6572EBDFC}.Release|x86.ActiveCfg = Release|Win32
		{43240421-8DF2-46EC-8A76-7DD6572EBDFC}.Release|x86.Build.0 = Release|Win32
		{65865203-15CB-44A9-A404-5A6A46F55A1F}.Debug|x64.ActiveCfg = Debug|x64
		{65865203-15CB-44A9-A404-5A6A46F55A1F}.Debug|x64.Build.0 = Debug|x64
		{65865203-15CB-44A9-A404-5A6A46F55A1F}.Debug|x86.ActiveCfg = Debug|Win32
		{65865203-15CB-44A9-A404-5A6A46F55A1F}.Debug|x86.Build.0 = Debug|Win32
		{65865203-15CB-44A9-A404-5A6A46F55A1F}.Release|x64.ActiveCfg = Release|x64
		{65865203-15CB-44A9-A404-5A6A46F55A1F}.Release|x64.Build.0 = Release|x64
		{65865203-15CB-44A9-A404-5A6A46F55A1F}.Release|x86.ActiveCfg = Release|Win32
		{65865203-15CB-44A9-A404-5A6A46F55A1F}.Release|x86.Build.0 = Release|Win32
		{A8351266-2D23-4FC2-8D11-3A7173DB7613}.Debug|x64.ActiveCfg = Debug|x64
		{A8351266-2D23-4FC2-8D11-3A7173DB7613}.Debug|x64.Build.0 = Debug|x64
		{A8351266-2D23-4FC2-8D11-3A7173DB7613}.Debug|x86.ActiveCfg = Release|Win32
		{A8351266-2D23-4FC2-8D11-3A7173DB7613}.Debug|x86.Build.0 = Release|Win32
		{A8351266-2D23-4FC2-8D11-3A7173DB7613}.Release|x64.ActiveCfg = Release|x64
		{A8351266-2D23-4FC2-8D11-3A7173DB7613}.Release|x64.Build.0 = Release|x64
		{A8351266-2D23-4FC2-8D11-3A7173DB7613}.Release|x86.ActiveCfg = Release|Win32
		{A8351266-2D23-4FC2-8D11-3A7173DB7613}.Release|x86.Build.0 = Release|Win32
	EndGlobalSection
	GlobalSection(SolutionProperties) = preSolution
		HideSolutionNode = FALSE
	EndGlobalSection
	GlobalSection(NestedProjects) = preSolution
		{4FA2DFFA-1398-41B7-A89E-FA108DD09929} = {D991EF84-1D1C-43D4-953E-E923499D6995}
		{E9BD86C9-D274-412D-A9D6-E8E5274169B9} = {D991EF84-1D1C-43D4-953E-E923499D6995}
		{53204535-1525-480B-A4B7-23E54CE44B8F} = {E9BD86C9-D274-412D-A9D6-E8E5274169B9}
		{65865203-15CB-44A9-A404-5A6A46F55A1F} = {CD36B02F-6CD1-475F-A54F-90E9C6327694}
		{A8351266-2D23-4FC2-8D11-3A7173DB7613} = {CD36B02F-6CD1-475F-A54F-90E9C6327694}
	EndGlobalSection
	GlobalSection(ExtensibilityGlobals) = postSolution
		SolutionGuid = {0ED298E6-794E-4FA7-A8AF-9EB1CC36B82A}
	EndGlobalSection
EndGlobal
