<?xml version="1.0" encoding="utf-8"?>
<Project ToolsVersion="4.0" xmlns="http://schemas.microsoft.com/developer/msbuild/2003">
  <ItemGroup>
    <Filter Include="src">
      <UniqueIdentifier>{774e2e80-b6fa-4aa8-8681-c3067684e45f}</UniqueIdentifier>
    </Filter>
    <Filter Include="include">
      <UniqueIdentifier>{0c0146b7-5b44-4280-be0c-cdfcbf17ccbf}</UniqueIdentifier>
    </Filter>
  </ItemGroup>
  <ItemGroup>
    <ClInclude Include="include\as_array.h" />
    <ClInclude Include="include\as_atomic.h" />
    <ClInclude Include="include\as_builder.h" />
    <ClInclude Include="include\as_bytecode.h" />
    <ClInclude Include="include\as_callfunc.h" />
    <ClInclude Include="include\as_compiler.h" />
    <ClInclude Include="include\as_config.h" />
    <ClInclude Include="include\as_configgroup.h" />
    <ClInclude Include="include\as_context.h" />
    <ClInclude Include="include\as_criticalsection.h" />
    <ClInclude Include="include\as_datatype.h" />
    <ClInclude Include="include\as_debug.h" />
    <ClInclude Include="include\as_gc.h" />
    <ClInclude Include="include\as_generic.h" />
    <ClInclude Include="include\as_map.h" />
    <ClInclude Include="include\as_memory.h" />
    <ClInclude Include="include\as_module.h" />
    <ClInclude Include="include\as_namespace.h" />
    <ClInclude Include="include\as_objecttype.h" />
    <ClInclude Include="include\as_outputbuffer.h" />
    <ClInclude Include="include\as_parser.h" />
    <ClInclude Include="include\as_property.h" />
    <ClInclude Include="include\as_restore.h" />
    <ClInclude Include="include\as_scriptcode.h" />
    <ClInclude Include="include\as_scriptengine.h" />
    <ClInclude Include="include\as_scriptfunction.h" />
    <ClInclude Include="include\as_scriptnode.h" />
    <ClInclude Include="include\as_scriptobject.h" />
    <ClInclude Include="include\as_string.h" />
    <ClInclude Include="include\as_string_util.h" />
    <ClInclude Include="include\as_symboltable.h" />
    <ClInclude Include="include\as_texts.h" />
    <ClInclude Include="include\as_thread.h" />
    <ClInclude Include="include\as_tokendef.h" />
    <ClInclude Include="include\as_tokenizer.h" />
    <ClInclude Include="include\as_typeinfo.h" />
    <ClInclude Include="include\as_variablescope.h" />
  </ItemGroup>
  <ItemGroup>
    <ClCompile Include="src\as_atomic.cpp" />
    <ClCompile Include="src\as_builder.cpp" />
    <ClCompile Include="src\as_bytecode.cpp" />
    <ClCompile Include="src\as_callfunc.cpp" />
    <ClCompile Include="src\as_callfunc_arm.cpp" />
    <ClCompile Include="src\as_callfunc_arm64.cpp" />
    <ClCompile Include="src\as_callfunc_mips.cpp" />
    <ClCompile Include="src\as_callfunc_ppc.cpp" />
    <ClCompile Include="src\as_callfunc_ppc_64.cpp" />
    <ClCompile Include="src\as_callfunc_sh4.cpp" />
    <ClCompile Include="src\as_callfunc_x64_gcc.cpp" />
    <ClCompile Include="src\as_callfunc_x64_mingw.cpp" />
    <ClCompile Include="src\as_callfunc_x64_msvc.cpp" />
    <ClCompile Include="src\as_callfunc_x86.cpp" />
    <ClCompile Include="src\as_callfunc_xenon.cpp" />
    <ClCompile Include="src\as_compiler.cpp" />
    <ClCompile Include="src\as_configgroup.cpp" />
    <ClCompile Include="src\as_context.cpp" />
    <ClCompile Include="src\as_datatype.cpp" />
    <ClCompile Include="src\as_gc.cpp" />
    <ClCompile Include="src\as_generic.cpp" />
    <ClCompile Include="src\as_globalproperty.cpp" />
    <ClCompile Include="src\as_memory.cpp" />
    <ClCompile Include="src\as_module.cpp" />
    <ClCompile Include="src\as_objecttype.cpp" />
    <ClCompile Include="src\as_outputbuffer.cpp" />
    <ClCompile Include="src\as_parser.cpp" />
    <ClCompile Include="src\as_restore.cpp" />
    <ClCompile Include="src\as_scriptcode.cpp" />
    <ClCompile Include="src\as_scriptengine.cpp" />
    <ClCompile Include="src\as_scriptfunction.cpp" />
    <ClCompile Include="src\as_scriptnode.cpp" />
    <ClCompile Include="src\as_scriptobject.cpp" />
    <ClCompile Include="src\as_string.cpp" />
    <ClCompile Include="src\as_string_util.cpp" />
    <ClCompile Include="src\as_thread.cpp" />
    <ClCompile Include="src\as_tokenizer.cpp" />
    <ClCompile Include="src\as_typeinfo.cpp" />
    <ClCompile Include="src\as_variablescope.cpp" />
    <ClCompile Include="src\scriptstdstring\scriptstdstring_utils.cpp" />
    <ClCompile Include="src\scriptstdstring\scriptstdstring.cpp" />
    <ClCompile Include="src\scriptbuilder\scriptbuilder.cpp" />
    <ClCompile Include="src\scriptarray\scriptarray.cpp" />
  </ItemGroup>
  <ItemGroup>
    <None Include="src\as_callfunc_x64_msvc_asm.asm" />
    <None Include="src\as_callfunc_arm_gcc.S" />
    <None Include="src\as_callfunc_arm_vita.S" />
    <None Include="src\as_callfunc_arm_xcode.S" />
    <None Include="src\as_callfunc_arm64_gcc.S" />
  </ItemGroup>
  <ItemGroup>
    <MASM Include="src\as_callfunc_arm_msvc.asm" />
    <MASM Include="src\as_callfunc_arm64_msvc.asm" />
  </ItemGroup>
</Project>